
Microsoft Visual Studio Solution File, Format Version 12.00
# Visual Studio Version 16
VisualStudioVersion = 16.0.30621.155
MinimumVisualStudioVersion = 10.0.40219.1
Project("{9A19103F-16F7-4668-BE54-9A1E7A4F7556}") = "MagicTooltips", "MagicTooltips\MagicTooltips.csproj", "{8FE986D6-CEB8-405F-9F3F-555C3C631966}"
EndProject
Project("{9A19103F-16F7-4668-BE54-9A1E7A4F7556}") = "MagicTooltipsTests", "MagicTooltipsTests\MagicTooltipsTests.csproj", "{4ED922F3-691F-4C08-9605-CA6DB3E73759}"
EndProject
Project("{2150E333-8FDC-42A3-9474-1A3956D46DE8}") = "Solution Items", "Solution Items", "{B0DB5D91-5CC8-4701-AD0A-B5838E1B91A5}"
	ProjectSection(SolutionItems) = preProject
		..\.gitignore = ..\.gitignore
		..\README.md = ..\README.md
	EndProjectSection
EndProject
Project("{2150E333-8FDC-42A3-9474-1A3956D46DE8}") = "workflows", "workflows", "{577D3479-F735-4166-95F5-7E62BBC952B1}"
	ProjectSection(SolutionItems) = preProject
		..\.github\workflows\deploy.ps1 = ..\.github\workflows\deploy.ps1
		..\.github\workflows\deploy.yml = ..\.github\workflows\deploy.yml
		..\.github\workflows\publish.ps1 = ..\.github\workflows\publish.ps1
		..\.github\workflows\release.yml = ..\.github\workflows\release.yml
	EndProjectSection
EndProject
Project("{9A19103F-16F7-4668-BE54-9A1E7A4F7556}") = "MagicTooltips.Logging", "MagicTooltips.Logging\MagicTooltips.Logging.csproj", "{82B49079-B1C0-495F-BFC3-C5EB205019B7}"
EndProject
Global
	GlobalSection(SolutionConfigurationPlatforms) = preSolution
		Debug|Any CPU = Debug|Any CPU
		Release|Any CPU = Release|Any CPU
	EndGlobalSection
	GlobalSection(ProjectConfigurationPlatforms) = postSolution
		{8FE986D6-CEB8-405F-9F3F-555C3C631966}.Debug|Any CPU.ActiveCfg = Debug|Any CPU
		{8FE986D6-CEB8-405F-9F3F-555C3C631966}.Debug|Any CPU.Build.0 = Debug|Any CPU
		{8FE986D6-CEB8-405F-9F3F-555C3C631966}.Release|Any CPU.ActiveCfg = Release|Any CPU
		{8FE986D6-CEB8-405F-9F3F-555C3C631966}.Release|Any CPU.Build.0 = Release|Any CPU
		{4ED922F3-691F-4C08-9605-CA6DB3E73759}.Debug|Any CPU.ActiveCfg = Debug|Any CPU
		{4ED922F3-691F-4C08-9605-CA6DB3E73759}.Debug|Any CPU.Build.0 = Debug|Any CPU
		{4ED922F3-691F-4C08-9605-CA6DB3E73759}.Release|Any CPU.ActiveCfg = Release|Any CPU
		{4ED922F3-691F-4C08-9605-CA6DB3E73759}.Release|Any CPU.Build.0 = Release|Any CPU
		{82B49079-B1C0-495F-BFC3-C5EB205019B7}.Debug|Any CPU.ActiveCfg = Debug|Any CPU
		{82B49079-B1C0-495F-BFC3-C5EB205019B7}.Debug|Any CPU.Build.0 = Debug|Any CPU
		{82B49079-B1C0-495F-BFC3-C5EB205019B7}.Release|Any CPU.ActiveCfg = Release|Any CPU
		{82B49079-B1C0-495F-BFC3-C5EB205019B7}.Release|Any CPU.Build.0 = Release|Any CPU
	EndGlobalSection
	GlobalSection(SolutionProperties) = preSolution
		HideSolutionNode = FALSE
	EndGlobalSection
	GlobalSection(NestedProjects) = preSolution
		{577D3479-F735-4166-95F5-7E62BBC952B1} = {B0DB5D91-5CC8-4701-AD0A-B5838E1B91A5}
	EndGlobalSection
	GlobalSection(ExtensibilityGlobals) = postSolution
		SolutionGuid = {B6956E8F-8056-45A3-80B1-9B367CD03F18}
	EndGlobalSection
EndGlobal
