
Microsoft Visual Studio Solution File, Format Version 12.00
# Visual Studio Version 16
VisualStudioVersion = 16.0.30621.155
MinimumVisualStudioVersion = 10.0.40219.1
Project("{9A19103F-16F7-4668-BE54-9A1E7A4F7556}") = "MagicTooltips", "MagicTooltips.csproj", "{8FE986D6-CEB8-405F-9F3F-555C3C631966}"
EndProject
Global
	GlobalSection(SolutionConfigurationPlatforms) = preSolution
		Debug|Any CPU = Debug|Any CPU
		Release|Any CPU = Release|Any CPU
	EndGlobalSection
	GlobalSection(ProjectConfigurationPlatforms) = postSolution
		{8FE986D6-CEB8-405F-9F3F-555C3C631966}.Debug|Any CPU.ActiveCfg = Debug|Any CPU
		{8FE986D6-CEB8-405F-9F3F-555C3C631966}.Debug|Any CPU.Build.0 = Debug|Any CPU
		{8FE986D6-CEB8-405F-9F3F-555C3C631966}.Release|Any CPU.ActiveCfg = Release|Any CPU
		{8FE986D6-CEB8-405F-9F3F-555C3C631966}.Release|Any CPU.Build.0 = Release|Any CPU
	EndGlobalSection
	GlobalSection(SolutionProperties) = preSolution
		HideSolutionNode = FALSE
	EndGlobalSection
	GlobalSection(ExtensibilityGlobals) = postSolution
		SolutionGuid = {B6956E8F-8056-45A3-80B1-9B367CD03F18}
	EndGlobalSection
EndGlobal
